
Microsoft Visual Studio Solution File, Format Version 12.00
# Visual Studio 15
VisualStudioVersion = 15.0.28307.1145
MinimumVisualStudioVersion = 10.0.40219.1
Project("{FAE04EC0-301F-11D3-BF4B-00C04F79EFBC}") = "Scout", "Scout.csproj", "{8CA66A8E-7A4F-43D9-BFB9-B432F6040023}"
EndProject
Global
	GlobalSection(SolutionConfigurationPlatforms) = preSolution
		Debug|Any CPU = Debug|Any CPU
		Release|Any CPU = Release|Any CPU
	EndGlobalSection
	GlobalSection(ProjectConfigurationPlatforms) = postSolution
		{8CA66A8E-7A4F-43D9-BFB9-B432F6040023}.Debug|Any CPU.ActiveCfg = Debug|Any CPU
		{8CA66A8E-7A4F-43D9-BFB9-B432F6040023}.Debug|Any CPU.Build.0 = Debug|Any CPU
		{8CA66A8E-7A4F-43D9-BFB9-B432F6040023}.Release|Any CPU.ActiveCfg = Release|Any CPU
		{8CA66A8E-7A4F-43D9-BFB9-B432F6040023}.Release|Any CPU.Build.0 = Release|Any CPU
	EndGlobalSection
	GlobalSection(SolutionProperties) = preSolution
		HideSolutionNode = FALSE
	EndGlobalSection
	GlobalSection(ExtensibilityGlobals) = postSolution
		SolutionGuid = {AB617A26-B62E-4D76-8E3E-5D508B36DD0D}
	EndGlobalSection
EndGlobal
